// !$*UTF8*$!
{
	archiveVersion = 1;
	classes = {
	};
	objectVersion = 50;
	objects = {

/* Begin PBXBuildFile section */
		BF29E9D5249F267700325994 /* Routes.swift in Sources */ = {isa = PBXBuildFile; fileRef = BF29E9D4249F267700325994 /* Routes.swift */; };
		BF29E9E0249F272700325994 /* ExString.swift in Sources */ = {isa = PBXBuildFile; fileRef = BF29E9DF249F272700325994 /* ExString.swift */; };
		BF29E9E2249F275600325994 /* ExUIViewController.swift in Sources */ = {isa = PBXBuildFile; fileRef = BF29E9E1249F275600325994 /* ExUIViewController.swift */; };
		BF29E9E4249F277600325994 /* ExUIView.swift in Sources */ = {isa = PBXBuildFile; fileRef = BF29E9E3249F277600325994 /* ExUIView.swift */; };
		BF29E9E6249F27A300325994 /* SampleModel.swift in Sources */ = {isa = PBXBuildFile; fileRef = BF29E9E5249F27A300325994 /* SampleModel.swift */; };
		BF29E9E8249F27BA00325994 /* SampleViewBuilder.swift in Sources */ = {isa = PBXBuildFile; fileRef = BF29E9E7249F27BA00325994 /* SampleViewBuilder.swift */; };
		BF29E9EA249F27C400325994 /* SampleViewController.swift in Sources */ = {isa = PBXBuildFile; fileRef = BF29E9E9249F27C400325994 /* SampleViewController.swift */; };
		BF29E9EC249F27CC00325994 /* SampleViewPresenter.swift in Sources */ = {isa = PBXBuildFile; fileRef = BF29E9EB249F27CC00325994 /* SampleViewPresenter.swift */; };
		BF29E9EF249F283A00325994 /* Sample.storyboard in Resources */ = {isa = PBXBuildFile; fileRef = BF29E9EE249F283A00325994 /* Sample.storyboard */; };
		BF390DBB24A2FA1000E0BB08 /* GitHubSearchResultString.swift in Sources */ = {isa = PBXBuildFile; fileRef = BF390DBA24A2FA1000E0BB08 /* GitHubSearchResultString.swift */; };
		BF390DBD24A3752400E0BB08 /* RepositoryCell.swift in Sources */ = {isa = PBXBuildFile; fileRef = BF390DBC24A3752400E0BB08 /* RepositoryCell.swift */; };
		BF390DC024A45B1F00E0BB08 /* DZNEmptyDataSet.framework in Frameworks */ = {isa = PBXBuildFile; fileRef = BF390DBF24A45B1E00E0BB08 /* DZNEmptyDataSet.framework */; };
		BF390DC124A45B1F00E0BB08 /* DZNEmptyDataSet.framework in Embed Frameworks */ = {isa = PBXBuildFile; fileRef = BF390DBF24A45B1E00E0BB08 /* DZNEmptyDataSet.framework */; settings = {ATTRIBUTES = (CodeSignOnCopy, RemoveHeadersOnCopy, ); }; };
		BF390DC424A45B2900E0BB08 /* Lottie.framework in Frameworks */ = {isa = PBXBuildFile; fileRef = BF390DC324A45B2900E0BB08 /* Lottie.framework */; };
		BF390DC524A45B2900E0BB08 /* Lottie.framework in Embed Frameworks */ = {isa = PBXBuildFile; fileRef = BF390DC324A45B2900E0BB08 /* Lottie.framework */; settings = {ATTRIBUTES = (CodeSignOnCopy, RemoveHeadersOnCopy, ); }; };
		BF390DC724A45B3300E0BB08 /* Realm.framework in Frameworks */ = {isa = PBXBuildFile; fileRef = BF390DC624A45B3300E0BB08 /* Realm.framework */; };
		BF390DC824A45B3300E0BB08 /* Realm.framework in Embed Frameworks */ = {isa = PBXBuildFile; fileRef = BF390DC624A45B3300E0BB08 /* Realm.framework */; settings = {ATTRIBUTES = (CodeSignOnCopy, RemoveHeadersOnCopy, ); }; };
		BF390DCA24A45B4000E0BB08 /* RealmSwift.framework in Frameworks */ = {isa = PBXBuildFile; fileRef = BF390DC924A45B3F00E0BB08 /* RealmSwift.framework */; };
		BF390DCB24A45B4000E0BB08 /* RealmSwift.framework in Embed Frameworks */ = {isa = PBXBuildFile; fileRef = BF390DC924A45B3F00E0BB08 /* RealmSwift.framework */; settings = {ATTRIBUTES = (CodeSignOnCopy, RemoveHeadersOnCopy, ); }; };
		BF390DCF24A45F5000E0BB08 /* MainTabBarController.swift in Sources */ = {isa = PBXBuildFile; fileRef = BF390DCE24A45F5000E0BB08 /* MainTabBarController.swift */; };
		BF390DD124A4617000E0BB08 /* MainTabBar.storyboard in Resources */ = {isa = PBXBuildFile; fileRef = BF390DD024A4617000E0BB08 /* MainTabBar.storyboard */; };
		BF390DD424A462C300E0BB08 /* FavoriteRepositories.storyboard in Resources */ = {isa = PBXBuildFile; fileRef = BF390DD324A462C300E0BB08 /* FavoriteRepositories.storyboard */; };
		BF390DD624A462D200E0BB08 /* FavoriteRepositoriesViewController.swift in Sources */ = {isa = PBXBuildFile; fileRef = BF390DD524A462D200E0BB08 /* FavoriteRepositoriesViewController.swift */; };
		BF390DD824A462DE00E0BB08 /* FavoriteRepositoriesBuilder.swift in Sources */ = {isa = PBXBuildFile; fileRef = BF390DD724A462DE00E0BB08 /* FavoriteRepositoriesBuilder.swift */; };
		BF390DDA24A462EA00E0BB08 /* FavoriteRepositoriesPresenter.swift in Sources */ = {isa = PBXBuildFile; fileRef = BF390DD924A462EA00E0BB08 /* FavoriteRepositoriesPresenter.swift */; };
		BF390DDC24A462F000E0BB08 /* FavoriteRepositoriesModel.swift in Sources */ = {isa = PBXBuildFile; fileRef = BF390DDB24A462F000E0BB08 /* FavoriteRepositoriesModel.swift */; };
		BF390DDE24A466A000E0BB08 /* FavoriteRepositoryCell.swift in Sources */ = {isa = PBXBuildFile; fileRef = BF390DDD24A466A000E0BB08 /* FavoriteRepositoryCell.swift */; };
		BF390DE024A468EB00E0BB08 /* FavoriteRepositoryObject.swift in Sources */ = {isa = PBXBuildFile; fileRef = BF390DDF24A468EB00E0BB08 /* FavoriteRepositoryObject.swift */; };
		BF65C21624A1ACF000C03EDA /* FetchedDataShow.storyboard in Resources */ = {isa = PBXBuildFile; fileRef = BF65C21524A1ACF000C03EDA /* FetchedDataShow.storyboard */; };
		BF65C21924A1AD0900C03EDA /* FetchedDataShowViewController.swift in Sources */ = {isa = PBXBuildFile; fileRef = BF65C21824A1AD0900C03EDA /* FetchedDataShowViewController.swift */; };
		BF65C21B24A1AD1100C03EDA /* FetchedDataShowBuilder.swift in Sources */ = {isa = PBXBuildFile; fileRef = BF65C21A24A1AD1100C03EDA /* FetchedDataShowBuilder.swift */; };
		BF65C21D24A1AD2500C03EDA /* FetchedDataShowModel.swift in Sources */ = {isa = PBXBuildFile; fileRef = BF65C21C24A1AD2500C03EDA /* FetchedDataShowModel.swift */; };
		BF65C21F24A1AD2C00C03EDA /* FetchedDataShowPresenter.swift in Sources */ = {isa = PBXBuildFile; fileRef = BF65C21E24A1AD2C00C03EDA /* FetchedDataShowPresenter.swift */; };
		BF65C22224A1B02D00C03EDA /* SearchGitHubRepositoriesViewController.swift in Sources */ = {isa = PBXBuildFile; fileRef = BF65C22124A1B02D00C03EDA /* SearchGitHubRepositoriesViewController.swift */; };
		BF65C22424A1B03500C03EDA /* SearchGitHubRepositoriesBuilder.swift in Sources */ = {isa = PBXBuildFile; fileRef = BF65C22324A1B03500C03EDA /* SearchGitHubRepositoriesBuilder.swift */; };
		BF65C22624A1B03900C03EDA /* SearchGitHubRepositoriesModel.swift in Sources */ = {isa = PBXBuildFile; fileRef = BF65C22524A1B03900C03EDA /* SearchGitHubRepositoriesModel.swift */; };
		BF65C22824A1B04200C03EDA /* SearchGitHubRepositoriesPresenter.swift in Sources */ = {isa = PBXBuildFile; fileRef = BF65C22724A1B04200C03EDA /* SearchGitHubRepositoriesPresenter.swift */; };
		BF65C22A24A1B0A400C03EDA /* SearchGitHubRepositories.storyboard in Resources */ = {isa = PBXBuildFile; fileRef = BF65C22924A1B0A400C03EDA /* SearchGitHubRepositories.storyboard */; };
		BFD945DF244DC5E80012785A /* AppDelegate.swift in Sources */ = {isa = PBXBuildFile; fileRef = BFD945DE244DC5E80012785A /* AppDelegate.swift */; };
		BFD945E1244DC5E80012785A /* SceneDelegate.swift in Sources */ = {isa = PBXBuildFile; fileRef = BFD945E0244DC5E80012785A /* SceneDelegate.swift */; };
		BFD945E8244DC5EB0012785A /* Assets.xcassets in Resources */ = {isa = PBXBuildFile; fileRef = BFD945E7244DC5EB0012785A /* Assets.xcassets */; };
		BFD945EB244DC5EB0012785A /* LaunchScreen.storyboard in Resources */ = {isa = PBXBuildFile; fileRef = BFD945E9244DC5EB0012785A /* LaunchScreen.storyboard */; };
		BFD945F6244DC5EB0012785A /* iOSEngineerCodeCheckTests.swift in Sources */ = {isa = PBXBuildFile; fileRef = BFD945F5244DC5EB0012785A /* iOSEngineerCodeCheckTests.swift */; };
		BFD94601244DC5EC0012785A /* iOSEngineerCodeCheckUITests.swift in Sources */ = {isa = PBXBuildFile; fileRef = BFD94600244DC5EC0012785A /* iOSEngineerCodeCheckUITests.swift */; };
		BFF1331824A49B820006DC55 /* lottie_heart.json in Resources */ = {isa = PBXBuildFile; fileRef = BFF1331724A49B820006DC55 /* lottie_heart.json */; };
/* End PBXBuildFile section */

/* Begin PBXContainerItemProxy section */
		BFD945F2244DC5EB0012785A /* PBXContainerItemProxy */ = {
			isa = PBXContainerItemProxy;
			containerPortal = BFD945D3244DC5E80012785A /* Project object */;
			proxyType = 1;
			remoteGlobalIDString = BFD945DA244DC5E80012785A;
			remoteInfo = iOSEngineerCodeCheck;
		};
		BFD945FD244DC5EB0012785A /* PBXContainerItemProxy */ = {
			isa = PBXContainerItemProxy;
			containerPortal = BFD945D3244DC5E80012785A /* Project object */;
			proxyType = 1;
			remoteGlobalIDString = BFD945DA244DC5E80012785A;
			remoteInfo = iOSEngineerCodeCheck;
		};
/* End PBXContainerItemProxy section */

/* Begin PBXCopyFilesBuildPhase section */
		BF390DC224A45B1F00E0BB08 /* Embed Frameworks */ = {
			isa = PBXCopyFilesBuildPhase;
			buildActionMask = 2147483647;
			dstPath = "";
			dstSubfolderSpec = 10;
			files = (
				BF390DC824A45B3300E0BB08 /* Realm.framework in Embed Frameworks */,
				BF390DC124A45B1F00E0BB08 /* DZNEmptyDataSet.framework in Embed Frameworks */,
				BF390DCB24A45B4000E0BB08 /* RealmSwift.framework in Embed Frameworks */,
				BF390DC524A45B2900E0BB08 /* Lottie.framework in Embed Frameworks */,
			);
			name = "Embed Frameworks";
			runOnlyForDeploymentPostprocessing = 0;
		};
/* End PBXCopyFilesBuildPhase section */

/* Begin PBXFileReference section */
		BF29E9D4249F267700325994 /* Routes.swift */ = {isa = PBXFileReference; lastKnownFileType = sourcecode.swift; path = Routes.swift; sourceTree = "<group>"; };
		BF29E9DF249F272700325994 /* ExString.swift */ = {isa = PBXFileReference; lastKnownFileType = sourcecode.swift; path = ExString.swift; sourceTree = "<group>"; };
		BF29E9E1249F275600325994 /* ExUIViewController.swift */ = {isa = PBXFileReference; lastKnownFileType = sourcecode.swift; path = ExUIViewController.swift; sourceTree = "<group>"; };
		BF29E9E3249F277600325994 /* ExUIView.swift */ = {isa = PBXFileReference; lastKnownFileType = sourcecode.swift; path = ExUIView.swift; sourceTree = "<group>"; };
		BF29E9E5249F27A300325994 /* SampleModel.swift */ = {isa = PBXFileReference; lastKnownFileType = sourcecode.swift; path = SampleModel.swift; sourceTree = "<group>"; };
		BF29E9E7249F27BA00325994 /* SampleViewBuilder.swift */ = {isa = PBXFileReference; lastKnownFileType = sourcecode.swift; path = SampleViewBuilder.swift; sourceTree = "<group>"; };
		BF29E9E9249F27C400325994 /* SampleViewController.swift */ = {isa = PBXFileReference; lastKnownFileType = sourcecode.swift; path = SampleViewController.swift; sourceTree = "<group>"; };
		BF29E9EB249F27CC00325994 /* SampleViewPresenter.swift */ = {isa = PBXFileReference; lastKnownFileType = sourcecode.swift; path = SampleViewPresenter.swift; sourceTree = "<group>"; };
		BF29E9EE249F283A00325994 /* Sample.storyboard */ = {isa = PBXFileReference; lastKnownFileType = file.storyboard; path = Sample.storyboard; sourceTree = "<group>"; };
		BF390DBA24A2FA1000E0BB08 /* GitHubSearchResultString.swift */ = {isa = PBXFileReference; lastKnownFileType = sourcecode.swift; path = GitHubSearchResultString.swift; sourceTree = "<group>"; };
		BF390DBC24A3752400E0BB08 /* RepositoryCell.swift */ = {isa = PBXFileReference; lastKnownFileType = sourcecode.swift; path = RepositoryCell.swift; sourceTree = "<group>"; };
		BF390DBF24A45B1E00E0BB08 /* DZNEmptyDataSet.framework */ = {isa = PBXFileReference; lastKnownFileType = wrapper.framework; name = DZNEmptyDataSet.framework; path = Carthage/Build/iOS/DZNEmptyDataSet.framework; sourceTree = "<group>"; };
		BF390DC324A45B2900E0BB08 /* Lottie.framework */ = {isa = PBXFileReference; lastKnownFileType = wrapper.framework; name = Lottie.framework; path = Carthage/Build/iOS/Lottie.framework; sourceTree = "<group>"; };
		BF390DC624A45B3300E0BB08 /* Realm.framework */ = {isa = PBXFileReference; lastKnownFileType = wrapper.framework; name = Realm.framework; path = Carthage/Build/iOS/Realm.framework; sourceTree = "<group>"; };
		BF390DC924A45B3F00E0BB08 /* RealmSwift.framework */ = {isa = PBXFileReference; lastKnownFileType = wrapper.framework; name = RealmSwift.framework; path = Carthage/Build/iOS/RealmSwift.framework; sourceTree = "<group>"; };
		BF390DCE24A45F5000E0BB08 /* MainTabBarController.swift */ = {isa = PBXFileReference; lastKnownFileType = sourcecode.swift; path = MainTabBarController.swift; sourceTree = "<group>"; };
		BF390DD024A4617000E0BB08 /* MainTabBar.storyboard */ = {isa = PBXFileReference; lastKnownFileType = file.storyboard; path = MainTabBar.storyboard; sourceTree = "<group>"; };
		BF390DD324A462C300E0BB08 /* FavoriteRepositories.storyboard */ = {isa = PBXFileReference; lastKnownFileType = file.storyboard; path = FavoriteRepositories.storyboard; sourceTree = "<group>"; };
		BF390DD524A462D200E0BB08 /* FavoriteRepositoriesViewController.swift */ = {isa = PBXFileReference; lastKnownFileType = sourcecode.swift; path = FavoriteRepositoriesViewController.swift; sourceTree = "<group>"; };
		BF390DD724A462DE00E0BB08 /* FavoriteRepositoriesBuilder.swift */ = {isa = PBXFileReference; lastKnownFileType = sourcecode.swift; path = FavoriteRepositoriesBuilder.swift; sourceTree = "<group>"; };
		BF390DD924A462EA00E0BB08 /* FavoriteRepositoriesPresenter.swift */ = {isa = PBXFileReference; lastKnownFileType = sourcecode.swift; path = FavoriteRepositoriesPresenter.swift; sourceTree = "<group>"; };
		BF390DDB24A462F000E0BB08 /* FavoriteRepositoriesModel.swift */ = {isa = PBXFileReference; lastKnownFileType = sourcecode.swift; path = FavoriteRepositoriesModel.swift; sourceTree = "<group>"; };
		BF390DDD24A466A000E0BB08 /* FavoriteRepositoryCell.swift */ = {isa = PBXFileReference; lastKnownFileType = sourcecode.swift; path = FavoriteRepositoryCell.swift; sourceTree = "<group>"; };
		BF390DDF24A468EB00E0BB08 /* FavoriteRepositoryObject.swift */ = {isa = PBXFileReference; lastKnownFileType = sourcecode.swift; path = FavoriteRepositoryObject.swift; sourceTree = "<group>"; };
		BF65C21524A1ACF000C03EDA /* FetchedDataShow.storyboard */ = {isa = PBXFileReference; lastKnownFileType = file.storyboard; path = FetchedDataShow.storyboard; sourceTree = "<group>"; };
		BF65C21824A1AD0900C03EDA /* FetchedDataShowViewController.swift */ = {isa = PBXFileReference; lastKnownFileType = sourcecode.swift; path = FetchedDataShowViewController.swift; sourceTree = "<group>"; };
		BF65C21A24A1AD1100C03EDA /* FetchedDataShowBuilder.swift */ = {isa = PBXFileReference; lastKnownFileType = sourcecode.swift; path = FetchedDataShowBuilder.swift; sourceTree = "<group>"; };
		BF65C21C24A1AD2500C03EDA /* FetchedDataShowModel.swift */ = {isa = PBXFileReference; lastKnownFileType = sourcecode.swift; path = FetchedDataShowModel.swift; sourceTree = "<group>"; };
		BF65C21E24A1AD2C00C03EDA /* FetchedDataShowPresenter.swift */ = {isa = PBXFileReference; lastKnownFileType = sourcecode.swift; path = FetchedDataShowPresenter.swift; sourceTree = "<group>"; };
		BF65C22124A1B02D00C03EDA /* SearchGitHubRepositoriesViewController.swift */ = {isa = PBXFileReference; lastKnownFileType = sourcecode.swift; path = SearchGitHubRepositoriesViewController.swift; sourceTree = "<group>"; };
		BF65C22324A1B03500C03EDA /* SearchGitHubRepositoriesBuilder.swift */ = {isa = PBXFileReference; lastKnownFileType = sourcecode.swift; path = SearchGitHubRepositoriesBuilder.swift; sourceTree = "<group>"; };
		BF65C22524A1B03900C03EDA /* SearchGitHubRepositoriesModel.swift */ = {isa = PBXFileReference; lastKnownFileType = sourcecode.swift; path = SearchGitHubRepositoriesModel.swift; sourceTree = "<group>"; };
		BF65C22724A1B04200C03EDA /* SearchGitHubRepositoriesPresenter.swift */ = {isa = PBXFileReference; lastKnownFileType = sourcecode.swift; path = SearchGitHubRepositoriesPresenter.swift; sourceTree = "<group>"; };
		BF65C22924A1B0A400C03EDA /* SearchGitHubRepositories.storyboard */ = {isa = PBXFileReference; lastKnownFileType = file.storyboard; path = SearchGitHubRepositories.storyboard; sourceTree = "<group>"; };
		BFD945DB244DC5E80012785A /* iOSEngineerCodeCheck.app */ = {isa = PBXFileReference; explicitFileType = wrapper.application; includeInIndex = 0; path = iOSEngineerCodeCheck.app; sourceTree = BUILT_PRODUCTS_DIR; };
		BFD945DE244DC5E80012785A /* AppDelegate.swift */ = {isa = PBXFileReference; lastKnownFileType = sourcecode.swift; path = AppDelegate.swift; sourceTree = "<group>"; };
		BFD945E0244DC5E80012785A /* SceneDelegate.swift */ = {isa = PBXFileReference; lastKnownFileType = sourcecode.swift; path = SceneDelegate.swift; sourceTree = "<group>"; };
		BFD945E7244DC5EB0012785A /* Assets.xcassets */ = {isa = PBXFileReference; lastKnownFileType = folder.assetcatalog; path = Assets.xcassets; sourceTree = "<group>"; };
		BFD945EA244DC5EB0012785A /* Base */ = {isa = PBXFileReference; lastKnownFileType = file.storyboard; name = Base; path = Base.lproj/LaunchScreen.storyboard; sourceTree = "<group>"; };
		BFD945EC244DC5EB0012785A /* Info.plist */ = {isa = PBXFileReference; lastKnownFileType = text.plist.xml; path = Info.plist; sourceTree = "<group>"; };
		BFD945F1244DC5EB0012785A /* iOSEngineerCodeCheckTests.xctest */ = {isa = PBXFileReference; explicitFileType = wrapper.cfbundle; includeInIndex = 0; path = iOSEngineerCodeCheckTests.xctest; sourceTree = BUILT_PRODUCTS_DIR; };
		BFD945F5244DC5EB0012785A /* iOSEngineerCodeCheckTests.swift */ = {isa = PBXFileReference; lastKnownFileType = sourcecode.swift; path = iOSEngineerCodeCheckTests.swift; sourceTree = "<group>"; };
		BFD945F7244DC5EB0012785A /* Info.plist */ = {isa = PBXFileReference; lastKnownFileType = text.plist.xml; path = Info.plist; sourceTree = "<group>"; };
		BFD945FC244DC5EB0012785A /* iOSEngineerCodeCheckUITests.xctest */ = {isa = PBXFileReference; explicitFileType = wrapper.cfbundle; includeInIndex = 0; path = iOSEngineerCodeCheckUITests.xctest; sourceTree = BUILT_PRODUCTS_DIR; };
		BFD94600244DC5EC0012785A /* iOSEngineerCodeCheckUITests.swift */ = {isa = PBXFileReference; lastKnownFileType = sourcecode.swift; path = iOSEngineerCodeCheckUITests.swift; sourceTree = "<group>"; };
		BFD94602244DC5EC0012785A /* Info.plist */ = {isa = PBXFileReference; lastKnownFileType = text.plist.xml; path = Info.plist; sourceTree = "<group>"; };
		BFF1331724A49B820006DC55 /* lottie_heart.json */ = {isa = PBXFileReference; fileEncoding = 4; lastKnownFileType = text.json; path = lottie_heart.json; sourceTree = "<group>"; };
/* End PBXFileReference section */

/* Begin PBXFrameworksBuildPhase section */
		BFD945D8244DC5E80012785A /* Frameworks */ = {
			isa = PBXFrameworksBuildPhase;
			buildActionMask = 2147483647;
			files = (
				BF390DC724A45B3300E0BB08 /* Realm.framework in Frameworks */,
				BF390DC024A45B1F00E0BB08 /* DZNEmptyDataSet.framework in Frameworks */,
				BF390DCA24A45B4000E0BB08 /* RealmSwift.framework in Frameworks */,
				BF390DC424A45B2900E0BB08 /* Lottie.framework in Frameworks */,
			);
			runOnlyForDeploymentPostprocessing = 0;
		};
		BFD945EE244DC5EB0012785A /* Frameworks */ = {
			isa = PBXFrameworksBuildPhase;
			buildActionMask = 2147483647;
			files = (
			);
			runOnlyForDeploymentPostprocessing = 0;
		};
		BFD945F9244DC5EB0012785A /* Frameworks */ = {
			isa = PBXFrameworksBuildPhase;
			buildActionMask = 2147483647;
			files = (
			);
			runOnlyForDeploymentPostprocessing = 0;
		};
/* End PBXFrameworksBuildPhase section */

/* Begin PBXGroup section */
		BF29E9D6249F269800325994 /* Views */ = {
			isa = PBXGroup;
			children = (
				BF390DCD24A45EBA00E0BB08 /* MainTabBar */,
				BF65C22024A1B01500C03EDA /* SearchGitHubRepositories */,
				BF390DD224A4629C00E0BB08 /* FavoriteRepositories */,
				BF65C21724A1ACF400C03EDA /* FetchedDataShow */,
				BF29E9DE249F26FB00325994 /* Sample */,
				BF29E9DD249F26F900325994 /* Storyboards */,
			);
			path = Views;
			sourceTree = "<group>";
		};
		BF29E9D7249F269A00325994 /* Resources */ = {
			isa = PBXGroup;
			children = (
				BF29E9DC249F26D200325994 /* Info */,
			);
			path = Resources;
			sourceTree = "<group>";
		};
		BF29E9D8249F269D00325994 /* Extensions */ = {
			isa = PBXGroup;
			children = (
				BF29E9DB249F26C600325994 /* UI */,
				BF29E9DA249F26C500325994 /* Utility */,
			);
			path = Extensions;
			sourceTree = "<group>";
		};
		BF29E9D9249F269F00325994 /* App */ = {
			isa = PBXGroup;
			children = (
				BFD945DE244DC5E80012785A /* AppDelegate.swift */,
				BF29E9D4249F267700325994 /* Routes.swift */,
				BFD945E0244DC5E80012785A /* SceneDelegate.swift */,
			);
			path = App;
			sourceTree = "<group>";
		};
		BF29E9DA249F26C500325994 /* Utility */ = {
			isa = PBXGroup;
			children = (
				BF29E9DF249F272700325994 /* ExString.swift */,
			);
			path = Utility;
			sourceTree = "<group>";
		};
		BF29E9DB249F26C600325994 /* UI */ = {
			isa = PBXGroup;
			children = (
				BF29E9E1249F275600325994 /* ExUIViewController.swift */,
				BF29E9E3249F277600325994 /* ExUIView.swift */,
			);
			path = UI;
			sourceTree = "<group>";
		};
		BF29E9DC249F26D200325994 /* Info */ = {
			isa = PBXGroup;
			children = (
			);
			path = Info;
			sourceTree = "<group>";
		};
		BF29E9DD249F26F900325994 /* Storyboards */ = {
			isa = PBXGroup;
			children = (
				BFD945E9244DC5EB0012785A /* LaunchScreen.storyboard */,
				BF65C21524A1ACF000C03EDA /* FetchedDataShow.storyboard */,
				BF29E9EE249F283A00325994 /* Sample.storyboard */,
				BF65C22924A1B0A400C03EDA /* SearchGitHubRepositories.storyboard */,
				BF390DD024A4617000E0BB08 /* MainTabBar.storyboard */,
				BF390DD324A462C300E0BB08 /* FavoriteRepositories.storyboard */,
			);
			path = Storyboards;
			sourceTree = "<group>";
		};
		BF29E9DE249F26FB00325994 /* Sample */ = {
			isa = PBXGroup;
			children = (
				BF29E9E5249F27A300325994 /* SampleModel.swift */,
				BF29E9E7249F27BA00325994 /* SampleViewBuilder.swift */,
				BF29E9E9249F27C400325994 /* SampleViewController.swift */,
				BF29E9EB249F27CC00325994 /* SampleViewPresenter.swift */,
			);
			path = Sample;
			sourceTree = "<group>";
		};
		BF390DBE24A45B1E00E0BB08 /* Frameworks */ = {
			isa = PBXGroup;
			children = (
				BF390DC924A45B3F00E0BB08 /* RealmSwift.framework */,
				BF390DC624A45B3300E0BB08 /* Realm.framework */,
				BF390DC324A45B2900E0BB08 /* Lottie.framework */,
				BF390DBF24A45B1E00E0BB08 /* DZNEmptyDataSet.framework */,
			);
			name = Frameworks;
			sourceTree = "<group>";
		};
		BF390DCD24A45EBA00E0BB08 /* MainTabBar */ = {
			isa = PBXGroup;
			children = (
				BF390DCE24A45F5000E0BB08 /* MainTabBarController.swift */,
			);
			path = MainTabBar;
			sourceTree = "<group>";
		};
		BF390DD224A4629C00E0BB08 /* FavoriteRepositories */ = {
			isa = PBXGroup;
			children = (
				BF390DD524A462D200E0BB08 /* FavoriteRepositoriesViewController.swift */,
				BF390DD724A462DE00E0BB08 /* FavoriteRepositoriesBuilder.swift */,
				BF390DD924A462EA00E0BB08 /* FavoriteRepositoriesPresenter.swift */,
				BF390DDB24A462F000E0BB08 /* FavoriteRepositoriesModel.swift */,
				BF390DDD24A466A000E0BB08 /* FavoriteRepositoryCell.swift */,
				BF390DDF24A468EB00E0BB08 /* FavoriteRepositoryObject.swift */,
			);
			path = FavoriteRepositories;
			sourceTree = "<group>";
		};
		BF65C21724A1ACF400C03EDA /* FetchedDataShow */ = {
			isa = PBXGroup;
			children = (
				BF65C21824A1AD0900C03EDA /* FetchedDataShowViewController.swift */,
				BF65C21A24A1AD1100C03EDA /* FetchedDataShowBuilder.swift */,
				BF65C21C24A1AD2500C03EDA /* FetchedDataShowModel.swift */,
				BF65C21E24A1AD2C00C03EDA /* FetchedDataShowPresenter.swift */,
				BFF1331724A49B820006DC55 /* lottie_heart.json */,
			);
			path = FetchedDataShow;
			sourceTree = "<group>";
		};
		BF65C22024A1B01500C03EDA /* SearchGitHubRepositories */ = {
			isa = PBXGroup;
			children = (
				BF65C22124A1B02D00C03EDA /* SearchGitHubRepositoriesViewController.swift */,
				BF65C22324A1B03500C03EDA /* SearchGitHubRepositoriesBuilder.swift */,
				BF65C22524A1B03900C03EDA /* SearchGitHubRepositoriesModel.swift */,
				BF65C22724A1B04200C03EDA /* SearchGitHubRepositoriesPresenter.swift */,
				BF390DBA24A2FA1000E0BB08 /* GitHubSearchResultString.swift */,
				BF390DBC24A3752400E0BB08 /* RepositoryCell.swift */,
			);
			path = SearchGitHubRepositories;
			sourceTree = "<group>";
		};
		BFD945D2244DC5E80012785A = {
			isa = PBXGroup;
			children = (
				BFD945DD244DC5E80012785A /* iOSEngineerCodeCheck */,
				BFD945F4244DC5EB0012785A /* iOSEngineerCodeCheckTests */,
				BFD945FF244DC5EB0012785A /* iOSEngineerCodeCheckUITests */,
				BFD945DC244DC5E80012785A /* Products */,
				BF390DBE24A45B1E00E0BB08 /* Frameworks */,
			);
			sourceTree = "<group>";
		};
		BFD945DC244DC5E80012785A /* Products */ = {
			isa = PBXGroup;
			children = (
				BFD945DB244DC5E80012785A /* iOSEngineerCodeCheck.app */,
				BFD945F1244DC5EB0012785A /* iOSEngineerCodeCheckTests.xctest */,
				BFD945FC244DC5EB0012785A /* iOSEngineerCodeCheckUITests.xctest */,
			);
			name = Products;
			sourceTree = "<group>";
		};
		BFD945DD244DC5E80012785A /* iOSEngineerCodeCheck */ = {
			isa = PBXGroup;
			children = (
				BF29E9D9249F269F00325994 /* App */,
				BF29E9D8249F269D00325994 /* Extensions */,
				BF29E9D7249F269A00325994 /* Resources */,
				BF29E9D6249F269800325994 /* Views */,
				BFD945E7244DC5EB0012785A /* Assets.xcassets */,
				BFD945EC244DC5EB0012785A /* Info.plist */,
			);
			path = iOSEngineerCodeCheck;
			sourceTree = "<group>";
		};
		BFD945F4244DC5EB0012785A /* iOSEngineerCodeCheckTests */ = {
			isa = PBXGroup;
			children = (
				BFD945F5244DC5EB0012785A /* iOSEngineerCodeCheckTests.swift */,
				BFD945F7244DC5EB0012785A /* Info.plist */,
			);
			path = iOSEngineerCodeCheckTests;
			sourceTree = "<group>";
		};
		BFD945FF244DC5EB0012785A /* iOSEngineerCodeCheckUITests */ = {
			isa = PBXGroup;
			children = (
				BFD94600244DC5EC0012785A /* iOSEngineerCodeCheckUITests.swift */,
				BFD94602244DC5EC0012785A /* Info.plist */,
			);
			path = iOSEngineerCodeCheckUITests;
			sourceTree = "<group>";
		};
/* End PBXGroup section */

/* Begin PBXNativeTarget section */
		BFD945DA244DC5E80012785A /* iOSEngineerCodeCheck */ = {
			isa = PBXNativeTarget;
			buildConfigurationList = BFD94605244DC5EC0012785A /* Build configuration list for PBXNativeTarget "iOSEngineerCodeCheck" */;
			buildPhases = (
				BFD945D7244DC5E80012785A /* Sources */,
				BFD945D8244DC5E80012785A /* Frameworks */,
				BFD945D9244DC5E80012785A /* Resources */,
				BF390DC224A45B1F00E0BB08 /* Embed Frameworks */,
				BF390DCC24A45B5A00E0BB08 /* ShellScript */,
			);
			buildRules = (
			);
			dependencies = (
			);
			name = iOSEngineerCodeCheck;
			productName = iOSEngineerCodeCheck;
			productReference = BFD945DB244DC5E80012785A /* iOSEngineerCodeCheck.app */;
			productType = "com.apple.product-type.application";
		};
		BFD945F0244DC5EB0012785A /* iOSEngineerCodeCheckTests */ = {
			isa = PBXNativeTarget;
			buildConfigurationList = BFD94608244DC5EC0012785A /* Build configuration list for PBXNativeTarget "iOSEngineerCodeCheckTests" */;
			buildPhases = (
				BFD945ED244DC5EB0012785A /* Sources */,
				BFD945EE244DC5EB0012785A /* Frameworks */,
				BFD945EF244DC5EB0012785A /* Resources */,
			);
			buildRules = (
			);
			dependencies = (
				BFD945F3244DC5EB0012785A /* PBXTargetDependency */,
			);
			name = iOSEngineerCodeCheckTests;
			productName = iOSEngineerCodeCheckTests;
			productReference = BFD945F1244DC5EB0012785A /* iOSEngineerCodeCheckTests.xctest */;
			productType = "com.apple.product-type.bundle.unit-test";
		};
		BFD945FB244DC5EB0012785A /* iOSEngineerCodeCheckUITests */ = {
			isa = PBXNativeTarget;
			buildConfigurationList = BFD9460B244DC5EC0012785A /* Build configuration list for PBXNativeTarget "iOSEngineerCodeCheckUITests" */;
			buildPhases = (
				BFD945F8244DC5EB0012785A /* Sources */,
				BFD945F9244DC5EB0012785A /* Frameworks */,
				BFD945FA244DC5EB0012785A /* Resources */,
			);
			buildRules = (
			);
			dependencies = (
				BFD945FE244DC5EB0012785A /* PBXTargetDependency */,
			);
			name = iOSEngineerCodeCheckUITests;
			productName = iOSEngineerCodeCheckUITests;
			productReference = BFD945FC244DC5EB0012785A /* iOSEngineerCodeCheckUITests.xctest */;
			productType = "com.apple.product-type.bundle.ui-testing";
		};
/* End PBXNativeTarget section */

/* Begin PBXProject section */
		BFD945D3244DC5E80012785A /* Project object */ = {
			isa = PBXProject;
			attributes = {
				LastSwiftUpdateCheck = 1140;
				LastUpgradeCheck = 1140;
				ORGANIZATIONNAME = "YUMEMI Inc.";
				TargetAttributes = {
					BFD945DA244DC5E80012785A = {
						CreatedOnToolsVersion = 11.4.1;
					};
					BFD945F0244DC5EB0012785A = {
						CreatedOnToolsVersion = 11.4.1;
						TestTargetID = BFD945DA244DC5E80012785A;
					};
					BFD945FB244DC5EB0012785A = {
						CreatedOnToolsVersion = 11.4.1;
						TestTargetID = BFD945DA244DC5E80012785A;
					};
				};
			};
			buildConfigurationList = BFD945D6244DC5E80012785A /* Build configuration list for PBXProject "iOSEngineerCodeCheck" */;
			compatibilityVersion = "Xcode 9.3";
			developmentRegion = en;
			hasScannedForEncodings = 0;
			knownRegions = (
				en,
				Base,
			);
			mainGroup = BFD945D2244DC5E80012785A;
			productRefGroup = BFD945DC244DC5E80012785A /* Products */;
			projectDirPath = "";
			projectRoot = "";
			targets = (
				BFD945DA244DC5E80012785A /* iOSEngineerCodeCheck */,
				BFD945F0244DC5EB0012785A /* iOSEngineerCodeCheckTests */,
				BFD945FB244DC5EB0012785A /* iOSEngineerCodeCheckUITests */,
			);
		};
/* End PBXProject section */

/* Begin PBXResourcesBuildPhase section */
		BFD945D9244DC5E80012785A /* Resources */ = {
			isa = PBXResourcesBuildPhase;
			buildActionMask = 2147483647;
			files = (
				BFD945EB244DC5EB0012785A /* LaunchScreen.storyboard in Resources */,
				BF65C22A24A1B0A400C03EDA /* SearchGitHubRepositories.storyboard in Resources */,
				BFD945E8244DC5EB0012785A /* Assets.xcassets in Resources */,
				BF390DD124A4617000E0BB08 /* MainTabBar.storyboard in Resources */,
				BF29E9EF249F283A00325994 /* Sample.storyboard in Resources */,
				BFF1331824A49B820006DC55 /* lottie_heart.json in Resources */,
				BF65C21624A1ACF000C03EDA /* FetchedDataShow.storyboard in Resources */,
				BF390DD424A462C300E0BB08 /* FavoriteRepositories.storyboard in Resources */,
			);
			runOnlyForDeploymentPostprocessing = 0;
		};
		BFD945EF244DC5EB0012785A /* Resources */ = {
			isa = PBXResourcesBuildPhase;
			buildActionMask = 2147483647;
			files = (
			);
			runOnlyForDeploymentPostprocessing = 0;
		};
		BFD945FA244DC5EB0012785A /* Resources */ = {
			isa = PBXResourcesBuildPhase;
			buildActionMask = 2147483647;
			files = (
			);
			runOnlyForDeploymentPostprocessing = 0;
		};
/* End PBXResourcesBuildPhase section */

/* Begin PBXShellScriptBuildPhase section */
		BF390DCC24A45B5A00E0BB08 /* ShellScript */ = {
			isa = PBXShellScriptBuildPhase;
			buildActionMask = 2147483647;
			files = (
			);
			inputFileListPaths = (
			);
			inputPaths = (
				"$(SRCROOT)/Carthage/Build/iOS/Realm.framework",
				"$(SRCROOT)/Carthage/Build/iOS/Lottie.framework",
				"$(SRCROOT)/Carthage/Build/iOS/DZNEmptyDataSet.framework",
				"$(SRCROOT)/Carthage/Build/iOS/RealmSwift.framework",
			);
			outputFileListPaths = (
			);
			outputPaths = (
			);
			runOnlyForDeploymentPostprocessing = 0;
			shellPath = /bin/sh;
			shellScript = "# Type a script or drag a script file from your workspace to insert its path.\n/usr/local/bin/carthage copy-frameworks\n";
		};
/* End PBXShellScriptBuildPhase section */

/* Begin PBXSourcesBuildPhase section */
		BFD945D7244DC5E80012785A /* Sources */ = {
			isa = PBXSourcesBuildPhase;
			buildActionMask = 2147483647;
			files = (
				BF29E9EA249F27C400325994 /* SampleViewController.swift in Sources */,
				BF29E9E8249F27BA00325994 /* SampleViewBuilder.swift in Sources */,
				BF390DDC24A462F000E0BB08 /* FavoriteRepositoriesModel.swift in Sources */,
				BF390DD824A462DE00E0BB08 /* FavoriteRepositoriesBuilder.swift in Sources */,
				BF65C22224A1B02D00C03EDA /* SearchGitHubRepositoriesViewController.swift in Sources */,
				BF29E9E6249F27A300325994 /* SampleModel.swift in Sources */,
				BF65C21924A1AD0900C03EDA /* FetchedDataShowViewController.swift in Sources */,
				BF65C21D24A1AD2500C03EDA /* FetchedDataShowModel.swift in Sources */,
				BF390DE024A468EB00E0BB08 /* FavoriteRepositoryObject.swift in Sources */,
				BF65C22624A1B03900C03EDA /* SearchGitHubRepositoriesModel.swift in Sources */,
				BF29E9E0249F272700325994 /* ExString.swift in Sources */,
				BF29E9EC249F27CC00325994 /* SampleViewPresenter.swift in Sources */,
				BF65C22824A1B04200C03EDA /* SearchGitHubRepositoriesPresenter.swift in Sources */,
				BF65C21B24A1AD1100C03EDA /* FetchedDataShowBuilder.swift in Sources */,
				BF29E9D5249F267700325994 /* Routes.swift in Sources */,
				BF29E9E2249F275600325994 /* ExUIViewController.swift in Sources */,
				BF390DDA24A462EA00E0BB08 /* FavoriteRepositoriesPresenter.swift in Sources */,
				BF390DBB24A2FA1000E0BB08 /* GitHubSearchResultString.swift in Sources */,
				BFD945DF244DC5E80012785A /* AppDelegate.swift in Sources */,
				BF390DBD24A3752400E0BB08 /* RepositoryCell.swift in Sources */,
				BF65C22424A1B03500C03EDA /* SearchGitHubRepositoriesBuilder.swift in Sources */,
				BF390DCF24A45F5000E0BB08 /* MainTabBarController.swift in Sources */,
				BF390DD624A462D200E0BB08 /* FavoriteRepositoriesViewController.swift in Sources */,
				BFD945E1244DC5E80012785A /* SceneDelegate.swift in Sources */,
				BF29E9E4249F277600325994 /* ExUIView.swift in Sources */,
				BF65C21F24A1AD2C00C03EDA /* FetchedDataShowPresenter.swift in Sources */,
				BF390DDE24A466A000E0BB08 /* FavoriteRepositoryCell.swift in Sources */,
			);
			runOnlyForDeploymentPostprocessing = 0;
		};
		BFD945ED244DC5EB0012785A /* Sources */ = {
			isa = PBXSourcesBuildPhase;
			buildActionMask = 2147483647;
			files = (
				BFD945F6244DC5EB0012785A /* iOSEngineerCodeCheckTests.swift in Sources */,
			);
			runOnlyForDeploymentPostprocessing = 0;
		};
		BFD945F8244DC5EB0012785A /* Sources */ = {
			isa = PBXSourcesBuildPhase;
			buildActionMask = 2147483647;
			files = (
				BFD94601244DC5EC0012785A /* iOSEngineerCodeCheckUITests.swift in Sources */,
			);
			runOnlyForDeploymentPostprocessing = 0;
		};
/* End PBXSourcesBuildPhase section */

/* Begin PBXTargetDependency section */
		BFD945F3244DC5EB0012785A /* PBXTargetDependency */ = {
			isa = PBXTargetDependency;
			target = BFD945DA244DC5E80012785A /* iOSEngineerCodeCheck */;
			targetProxy = BFD945F2244DC5EB0012785A /* PBXContainerItemProxy */;
		};
		BFD945FE244DC5EB0012785A /* PBXTargetDependency */ = {
			isa = PBXTargetDependency;
			target = BFD945DA244DC5E80012785A /* iOSEngineerCodeCheck */;
			targetProxy = BFD945FD244DC5EB0012785A /* PBXContainerItemProxy */;
		};
/* End PBXTargetDependency section */

/* Begin PBXVariantGroup section */
		BFD945E9244DC5EB0012785A /* LaunchScreen.storyboard */ = {
			isa = PBXVariantGroup;
			children = (
				BFD945EA244DC5EB0012785A /* Base */,
			);
			name = LaunchScreen.storyboard;
			sourceTree = "<group>";
		};
/* End PBXVariantGroup section */

/* Begin XCBuildConfiguration section */
		BFD94603244DC5EC0012785A /* Debug */ = {
			isa = XCBuildConfiguration;
			buildSettings = {
				ALWAYS_SEARCH_USER_PATHS = NO;
				CLANG_ANALYZER_NONNULL = YES;
				CLANG_ANALYZER_NUMBER_OBJECT_CONVERSION = YES_AGGRESSIVE;
				CLANG_CXX_LANGUAGE_STANDARD = "gnu++14";
				CLANG_CXX_LIBRARY = "libc++";
				CLANG_ENABLE_MODULES = YES;
				CLANG_ENABLE_OBJC_ARC = YES;
				CLANG_ENABLE_OBJC_WEAK = YES;
				CLANG_WARN_BLOCK_CAPTURE_AUTORELEASING = YES;
				CLANG_WARN_BOOL_CONVERSION = YES;
				CLANG_WARN_COMMA = YES;
				CLANG_WARN_CONSTANT_CONVERSION = YES;
				CLANG_WARN_DEPRECATED_OBJC_IMPLEMENTATIONS = YES;
				CLANG_WARN_DIRECT_OBJC_ISA_USAGE = YES_ERROR;
				CLANG_WARN_DOCUMENTATION_COMMENTS = YES;
				CLANG_WARN_EMPTY_BODY = YES;
				CLANG_WARN_ENUM_CONVERSION = YES;
				CLANG_WARN_INFINITE_RECURSION = YES;
				CLANG_WARN_INT_CONVERSION = YES;
				CLANG_WARN_NON_LITERAL_NULL_CONVERSION = YES;
				CLANG_WARN_OBJC_IMPLICIT_RETAIN_SELF = YES;
				CLANG_WARN_OBJC_LITERAL_CONVERSION = YES;
				CLANG_WARN_OBJC_ROOT_CLASS = YES_ERROR;
				CLANG_WARN_RANGE_LOOP_ANALYSIS = YES;
				CLANG_WARN_STRICT_PROTOTYPES = YES;
				CLANG_WARN_SUSPICIOUS_MOVE = YES;
				CLANG_WARN_UNGUARDED_AVAILABILITY = YES_AGGRESSIVE;
				CLANG_WARN_UNREACHABLE_CODE = YES;
				CLANG_WARN__DUPLICATE_METHOD_MATCH = YES;
				COPY_PHASE_STRIP = NO;
				DEBUG_INFORMATION_FORMAT = dwarf;
				ENABLE_STRICT_OBJC_MSGSEND = YES;
				ENABLE_TESTABILITY = YES;
				GCC_C_LANGUAGE_STANDARD = gnu11;
				GCC_DYNAMIC_NO_PIC = NO;
				GCC_NO_COMMON_BLOCKS = YES;
				GCC_OPTIMIZATION_LEVEL = 0;
				GCC_PREPROCESSOR_DEFINITIONS = (
					"DEBUG=1",
					"$(inherited)",
				);
				GCC_WARN_64_TO_32_BIT_CONVERSION = YES;
				GCC_WARN_ABOUT_RETURN_TYPE = YES_ERROR;
				GCC_WARN_UNDECLARED_SELECTOR = YES;
				GCC_WARN_UNINITIALIZED_AUTOS = YES_AGGRESSIVE;
				GCC_WARN_UNUSED_FUNCTION = YES;
				GCC_WARN_UNUSED_VARIABLE = YES;
				IPHONEOS_DEPLOYMENT_TARGET = 13.4;
				MTL_ENABLE_DEBUG_INFO = INCLUDE_SOURCE;
				MTL_FAST_MATH = YES;
				ONLY_ACTIVE_ARCH = YES;
				SDKROOT = iphoneos;
				SWIFT_ACTIVE_COMPILATION_CONDITIONS = DEBUG;
				SWIFT_OPTIMIZATION_LEVEL = "-Onone";
			};
			name = Debug;
		};
		BFD94604244DC5EC0012785A /* Release */ = {
			isa = XCBuildConfiguration;
			buildSettings = {
				ALWAYS_SEARCH_USER_PATHS = NO;
				CLANG_ANALYZER_NONNULL = YES;
				CLANG_ANALYZER_NUMBER_OBJECT_CONVERSION = YES_AGGRESSIVE;
				CLANG_CXX_LANGUAGE_STANDARD = "gnu++14";
				CLANG_CXX_LIBRARY = "libc++";
				CLANG_ENABLE_MODULES = YES;
				CLANG_ENABLE_OBJC_ARC = YES;
				CLANG_ENABLE_OBJC_WEAK = YES;
				CLANG_WARN_BLOCK_CAPTURE_AUTORELEASING = YES;
				CLANG_WARN_BOOL_CONVERSION = YES;
				CLANG_WARN_COMMA = YES;
				CLANG_WARN_CONSTANT_CONVERSION = YES;
				CLANG_WARN_DEPRECATED_OBJC_IMPLEMENTATIONS = YES;
				CLANG_WARN_DIRECT_OBJC_ISA_USAGE = YES_ERROR;
				CLANG_WARN_DOCUMENTATION_COMMENTS = YES;
				CLANG_WARN_EMPTY_BODY = YES;
				CLANG_WARN_ENUM_CONVERSION = YES;
				CLANG_WARN_INFINITE_RECURSION = YES;
				CLANG_WARN_INT_CONVERSION = YES;
				CLANG_WARN_NON_LITERAL_NULL_CONVERSION = YES;
				CLANG_WARN_OBJC_IMPLICIT_RETAIN_SELF = YES;
				CLANG_WARN_OBJC_LITERAL_CONVERSION = YES;
				CLANG_WARN_OBJC_ROOT_CLASS = YES_ERROR;
				CLANG_WARN_RANGE_LOOP_ANALYSIS = YES;
				CLANG_WARN_STRICT_PROTOTYPES = YES;
				CLANG_WARN_SUSPICIOUS_MOVE = YES;
				CLANG_WARN_UNGUARDED_AVAILABILITY = YES_AGGRESSIVE;
				CLANG_WARN_UNREACHABLE_CODE = YES;
				CLANG_WARN__DUPLICATE_METHOD_MATCH = YES;
				COPY_PHASE_STRIP = NO;
				DEBUG_INFORMATION_FORMAT = "dwarf-with-dsym";
				ENABLE_NS_ASSERTIONS = NO;
				ENABLE_STRICT_OBJC_MSGSEND = YES;
				GCC_C_LANGUAGE_STANDARD = gnu11;
				GCC_NO_COMMON_BLOCKS = YES;
				GCC_WARN_64_TO_32_BIT_CONVERSION = YES;
				GCC_WARN_ABOUT_RETURN_TYPE = YES_ERROR;
				GCC_WARN_UNDECLARED_SELECTOR = YES;
				GCC_WARN_UNINITIALIZED_AUTOS = YES_AGGRESSIVE;
				GCC_WARN_UNUSED_FUNCTION = YES;
				GCC_WARN_UNUSED_VARIABLE = YES;
				IPHONEOS_DEPLOYMENT_TARGET = 13.4;
				MTL_ENABLE_DEBUG_INFO = NO;
				MTL_FAST_MATH = YES;
				SDKROOT = iphoneos;
				SWIFT_COMPILATION_MODE = wholemodule;
				SWIFT_OPTIMIZATION_LEVEL = "-O";
				VALIDATE_PRODUCT = YES;
			};
			name = Release;
		};
		BFD94606244DC5EC0012785A /* Debug */ = {
			isa = XCBuildConfiguration;
			buildSettings = {
				ASSETCATALOG_COMPILER_APPICON_NAME = AppIcon;
				CODE_SIGN_STYLE = Automatic;
				DEVELOPMENT_TEAM = 9R4W53MKG7;
				FRAMEWORK_SEARCH_PATHS = (
					"$(inherited)",
					"$(PROJECT_DIR)/Carthage/Build/iOS",
				);
				INFOPLIST_FILE = iOSEngineerCodeCheck/Info.plist;
				LD_RUNPATH_SEARCH_PATHS = (
					"$(inherited)",
					"@executable_path/Frameworks",
				);
				PRODUCT_BUNDLE_IDENTIFIER = jp.yumemi.iOSEngineerCodeCheck;
				PRODUCT_NAME = "$(TARGET_NAME)";
				SWIFT_VERSION = 5.0;
				TARGETED_DEVICE_FAMILY = "1,2";
			};
			name = Debug;
		};
		BFD94607244DC5EC0012785A /* Release */ = {
			isa = XCBuildConfiguration;
			buildSettings = {
				ASSETCATALOG_COMPILER_APPICON_NAME = AppIcon;
				CODE_SIGN_STYLE = Automatic;
				DEVELOPMENT_TEAM = 9R4W53MKG7;
				FRAMEWORK_SEARCH_PATHS = (
					"$(inherited)",
					"$(PROJECT_DIR)/Carthage/Build/iOS",
				);
				INFOPLIST_FILE = iOSEngineerCodeCheck/Info.plist;
				LD_RUNPATH_SEARCH_PATHS = (
					"$(inherited)",
					"@executable_path/Frameworks",
				);
				PRODUCT_BUNDLE_IDENTIFIER = jp.yumemi.iOSEngineerCodeCheck;
				PRODUCT_NAME = "$(TARGET_NAME)";
				SWIFT_VERSION = 5.0;
				TARGETED_DEVICE_FAMILY = "1,2";
			};
			name = Release;
		};
		BFD94609244DC5EC0012785A /* Debug */ = {
			isa = XCBuildConfiguration;
			buildSettings = {
				ALWAYS_EMBED_SWIFT_STANDARD_LIBRARIES = YES;
				BUNDLE_LOADER = "$(TEST_HOST)";
				CODE_SIGN_STYLE = Automatic;
				DEVELOPMENT_TEAM = 9R4W53MKG7;
				INFOPLIST_FILE = iOSEngineerCodeCheckTests/Info.plist;
				IPHONEOS_DEPLOYMENT_TARGET = 13.4;
				LD_RUNPATH_SEARCH_PATHS = (
					"$(inherited)",
					"@executable_path/Frameworks",
					"@loader_path/Frameworks",
				);
				PRODUCT_BUNDLE_IDENTIFIER = jp.yumemi.iOSEngineerCodeCheckTests;
				PRODUCT_NAME = "$(TARGET_NAME)";
				SWIFT_VERSION = 5.0;
				TARGETED_DEVICE_FAMILY = "1,2";
				TEST_HOST = "$(BUILT_PRODUCTS_DIR)/iOSEngineerCodeCheck.app/iOSEngineerCodeCheck";
			};
			name = Debug;
		};
		BFD9460A244DC5EC0012785A /* Release */ = {
			isa = XCBuildConfiguration;
			buildSettings = {
				ALWAYS_EMBED_SWIFT_STANDARD_LIBRARIES = YES;
				BUNDLE_LOADER = "$(TEST_HOST)";
				CODE_SIGN_STYLE = Automatic;
				DEVELOPMENT_TEAM = 9R4W53MKG7;
				INFOPLIST_FILE = iOSEngineerCodeCheckTests/Info.plist;
				IPHONEOS_DEPLOYMENT_TARGET = 13.4;
				LD_RUNPATH_SEARCH_PATHS = (
					"$(inherited)",
					"@executable_path/Frameworks",
					"@loader_path/Frameworks",
				);
				PRODUCT_BUNDLE_IDENTIFIER = jp.yumemi.iOSEngineerCodeCheckTests;
				PRODUCT_NAME = "$(TARGET_NAME)";
				SWIFT_VERSION = 5.0;
				TARGETED_DEVICE_FAMILY = "1,2";
				TEST_HOST = "$(BUILT_PRODUCTS_DIR)/iOSEngineerCodeCheck.app/iOSEngineerCodeCheck";
			};
			name = Release;
		};
		BFD9460C244DC5EC0012785A /* Debug */ = {
			isa = XCBuildConfiguration;
			buildSettings = {
				ALWAYS_EMBED_SWIFT_STANDARD_LIBRARIES = YES;
				CODE_SIGN_STYLE = Automatic;
				DEVELOPMENT_TEAM = 9R4W53MKG7;
				INFOPLIST_FILE = iOSEngineerCodeCheckUITests/Info.plist;
				LD_RUNPATH_SEARCH_PATHS = (
					"$(inherited)",
					"@executable_path/Frameworks",
					"@loader_path/Frameworks",
				);
				PRODUCT_BUNDLE_IDENTIFIER = jp.yumemi.iOSEngineerCodeCheckUITests;
				PRODUCT_NAME = "$(TARGET_NAME)";
				SWIFT_VERSION = 5.0;
				TARGETED_DEVICE_FAMILY = "1,2";
				TEST_TARGET_NAME = iOSEngineerCodeCheck;
			};
			name = Debug;
		};
		BFD9460D244DC5EC0012785A /* Release */ = {
			isa = XCBuildConfiguration;
			buildSettings = {
				ALWAYS_EMBED_SWIFT_STANDARD_LIBRARIES = YES;
				CODE_SIGN_STYLE = Automatic;
				DEVELOPMENT_TEAM = 9R4W53MKG7;
				INFOPLIST_FILE = iOSEngineerCodeCheckUITests/Info.plist;
				LD_RUNPATH_SEARCH_PATHS = (
					"$(inherited)",
					"@executable_path/Frameworks",
					"@loader_path/Frameworks",
				);
				PRODUCT_BUNDLE_IDENTIFIER = jp.yumemi.iOSEngineerCodeCheckUITests;
				PRODUCT_NAME = "$(TARGET_NAME)";
				SWIFT_VERSION = 5.0;
				TARGETED_DEVICE_FAMILY = "1,2";
				TEST_TARGET_NAME = iOSEngineerCodeCheck;
			};
			name = Release;
		};
/* End XCBuildConfiguration section */

/* Begin XCConfigurationList section */
		BFD945D6244DC5E80012785A /* Build configuration list for PBXProject "iOSEngineerCodeCheck" */ = {
			isa = XCConfigurationList;
			buildConfigurations = (
				BFD94603244DC5EC0012785A /* Debug */,
				BFD94604244DC5EC0012785A /* Release */,
			);
			defaultConfigurationIsVisible = 0;
			defaultConfigurationName = Release;
		};
		BFD94605244DC5EC0012785A /* Build configuration list for PBXNativeTarget "iOSEngineerCodeCheck" */ = {
			isa = XCConfigurationList;
			buildConfigurations = (
				BFD94606244DC5EC0012785A /* Debug */,
				BFD94607244DC5EC0012785A /* Release */,
			);
			defaultConfigurationIsVisible = 0;
			defaultConfigurationName = Release;
		};
		BFD94608244DC5EC0012785A /* Build configuration list for PBXNativeTarget "iOSEngineerCodeCheckTests" */ = {
			isa = XCConfigurationList;
			buildConfigurations = (
				BFD94609244DC5EC0012785A /* Debug */,
				BFD9460A244DC5EC0012785A /* Release */,
			);
			defaultConfigurationIsVisible = 0;
			defaultConfigurationName = Release;
		};
		BFD9460B244DC5EC0012785A /* Build configuration list for PBXNativeTarget "iOSEngineerCodeCheckUITests" */ = {
			isa = XCConfigurationList;
			buildConfigurations = (
				BFD9460C244DC5EC0012785A /* Debug */,
				BFD9460D244DC5EC0012785A /* Release */,
			);
			defaultConfigurationIsVisible = 0;
			defaultConfigurationName = Release;
		};
/* End XCConfigurationList section */
	};
	rootObject = BFD945D3244DC5E80012785A /* Project object */;
}
